// !$*UTF8*$!
{
	archiveVersion = 1;
	classes = {
	};
	objectVersion = 50;
	objects = {

/* Begin PBXBuildFile section */
		5B2660E92613AA4E0010CEA1 /* AppDelegate.swift in Sources */ = {isa = PBXBuildFile; fileRef = 5B2660E82613AA4E0010CEA1 /* AppDelegate.swift */; };
		5B2660ED2613AA4E0010CEA1 /* CurrencyCounterViewController.swift in Sources */ = {isa = PBXBuildFile; fileRef = 5B2660EC2613AA4E0010CEA1 /* CurrencyCounterViewController.swift */; };
		5B2660F22613AA520010CEA1 /* Assets.xcassets in Resources */ = {isa = PBXBuildFile; fileRef = 5B2660F12613AA520010CEA1 /* Assets.xcassets */; };
		5B2660F52613AA520010CEA1 /* LaunchScreen.storyboard in Resources */ = {isa = PBXBuildFile; fileRef = 5B2660F32613AA520010CEA1 /* LaunchScreen.storyboard */; };
		5B2661002613AA530010CEA1 /* CurrencyExchangeTests.swift in Sources */ = {isa = PBXBuildFile; fileRef = 5B2660FF2613AA530010CEA1 /* CurrencyExchangeTests.swift */; };
		5B26610B2613AA530010CEA1 /* CurrencyExchangeUITests.swift in Sources */ = {isa = PBXBuildFile; fileRef = 5B26610A2613AA530010CEA1 /* CurrencyExchangeUITests.swift */; };
		5B2661232613B0F30010CEA1 /* CurrencyApiManager.swift in Sources */ = {isa = PBXBuildFile; fileRef = 5B2661222613B0F20010CEA1 /* CurrencyApiManager.swift */; };
		5BB8EA762613C024002952A4 /* ExchangeRatesData.swift in Sources */ = {isa = PBXBuildFile; fileRef = 5BB8EA752613C024002952A4 /* ExchangeRatesData.swift */; };
		5BB8EA912614AF53002952A4 /* Colors.xcassets in Resources */ = {isa = PBXBuildFile; fileRef = 5BB8EA902614AF53002952A4 /* Colors.xcassets */; };
		5BB8EA982614B2AD002952A4 /* CurrencyCounterViewModel.swift in Sources */ = {isa = PBXBuildFile; fileRef = 5BB8EA972614B2AD002952A4 /* CurrencyCounterViewModel.swift */; };
		5BB8EAA92614C253002952A4 /* PrimaryViewModel.swift in Sources */ = {isa = PBXBuildFile; fileRef = 5BB8EAA82614C253002952A4 /* PrimaryViewModel.swift */; };
		5BB8EB0726152419002952A4 /* UserStoredRates.swift in Sources */ = {isa = PBXBuildFile; fileRef = 5BB8EB0626152419002952A4 /* UserStoredRates.swift */; };
		5BB8EB2726153302002952A4 /* CurrencyPickerViewController.swift in Sources */ = {isa = PBXBuildFile; fileRef = 5BB8EB2626153302002952A4 /* CurrencyPickerViewController.swift */; };
		A0757F5639E74BFB97B8589E /* libPods-CurrencyExchange.a in Frameworks */ = {isa = PBXBuildFile; fileRef = EC449C1855701F063292BCE3 /* libPods-CurrencyExchange.a */; };
/* End PBXBuildFile section */

/* Begin PBXContainerItemProxy section */
		5B2660FC2613AA530010CEA1 /* PBXContainerItemProxy */ = {
			isa = PBXContainerItemProxy;
			containerPortal = 5B2660DD2613AA4E0010CEA1 /* Project object */;
			proxyType = 1;
			remoteGlobalIDString = 5B2660E42613AA4E0010CEA1;
			remoteInfo = CurrencyExchange;
		};
		5B2661072613AA530010CEA1 /* PBXContainerItemProxy */ = {
			isa = PBXContainerItemProxy;
			containerPortal = 5B2660DD2613AA4E0010CEA1 /* Project object */;
			proxyType = 1;
			remoteGlobalIDString = 5B2660E42613AA4E0010CEA1;
			remoteInfo = CurrencyExchange;
		};
/* End PBXContainerItemProxy section */

/* Begin PBXFileReference section */
		113B377891DBD08FA810D1F9 /* Pods-CurrencyExchange.release.xcconfig */ = {isa = PBXFileReference; includeInIndex = 1; lastKnownFileType = text.xcconfig; name = "Pods-CurrencyExchange.release.xcconfig"; path = "Target Support Files/Pods-CurrencyExchange/Pods-CurrencyExchange.release.xcconfig"; sourceTree = "<group>"; };
		3963B993CD64EB06CA537F9E /* Pods-CurrencyExchange.debug.xcconfig */ = {isa = PBXFileReference; includeInIndex = 1; lastKnownFileType = text.xcconfig; name = "Pods-CurrencyExchange.debug.xcconfig"; path = "Target Support Files/Pods-CurrencyExchange/Pods-CurrencyExchange.debug.xcconfig"; sourceTree = "<group>"; };
		5B2660E52613AA4E0010CEA1 /* CurrencyExchange.app */ = {isa = PBXFileReference; explicitFileType = wrapper.application; includeInIndex = 0; path = CurrencyExchange.app; sourceTree = BUILT_PRODUCTS_DIR; };
		5B2660E82613AA4E0010CEA1 /* AppDelegate.swift */ = {isa = PBXFileReference; lastKnownFileType = sourcecode.swift; path = AppDelegate.swift; sourceTree = "<group>"; };
		5B2660EC2613AA4E0010CEA1 /* CurrencyCounterViewController.swift */ = {isa = PBXFileReference; lastKnownFileType = sourcecode.swift; path = CurrencyCounterViewController.swift; sourceTree = "<group>"; };
		5B2660F12613AA520010CEA1 /* Assets.xcassets */ = {isa = PBXFileReference; lastKnownFileType = folder.assetcatalog; path = Assets.xcassets; sourceTree = "<group>"; };
		5B2660F42613AA520010CEA1 /* Base */ = {isa = PBXFileReference; lastKnownFileType = file.storyboard; name = Base; path = Base.lproj/LaunchScreen.storyboard; sourceTree = "<group>"; };
		5B2660F62613AA520010CEA1 /* Info.plist */ = {isa = PBXFileReference; lastKnownFileType = text.plist.xml; path = Info.plist; sourceTree = "<group>"; };
		5B2660FB2613AA530010CEA1 /* CurrencyExchangeTests.xctest */ = {isa = PBXFileReference; explicitFileType = wrapper.cfbundle; includeInIndex = 0; path = CurrencyExchangeTests.xctest; sourceTree = BUILT_PRODUCTS_DIR; };
		5B2660FF2613AA530010CEA1 /* CurrencyExchangeTests.swift */ = {isa = PBXFileReference; lastKnownFileType = sourcecode.swift; path = CurrencyExchangeTests.swift; sourceTree = "<group>"; };
		5B2661012613AA530010CEA1 /* Info.plist */ = {isa = PBXFileReference; lastKnownFileType = text.plist.xml; path = Info.plist; sourceTree = "<group>"; };
		5B2661062613AA530010CEA1 /* CurrencyExchangeUITests.xctest */ = {isa = PBXFileReference; explicitFileType = wrapper.cfbundle; includeInIndex = 0; path = CurrencyExchangeUITests.xctest; sourceTree = BUILT_PRODUCTS_DIR; };
		5B26610A2613AA530010CEA1 /* CurrencyExchangeUITests.swift */ = {isa = PBXFileReference; lastKnownFileType = sourcecode.swift; path = CurrencyExchangeUITests.swift; sourceTree = "<group>"; };
		5B26610C2613AA530010CEA1 /* Info.plist */ = {isa = PBXFileReference; lastKnownFileType = text.plist.xml; path = Info.plist; sourceTree = "<group>"; };
		5B2661222613B0F20010CEA1 /* CurrencyApiManager.swift */ = {isa = PBXFileReference; lastKnownFileType = sourcecode.swift; path = CurrencyApiManager.swift; sourceTree = "<group>"; };
		5BB8EA752613C024002952A4 /* ExchangeRatesData.swift */ = {isa = PBXFileReference; lastKnownFileType = sourcecode.swift; path = ExchangeRatesData.swift; sourceTree = "<group>"; };
		5BB8EA902614AF53002952A4 /* Colors.xcassets */ = {isa = PBXFileReference; lastKnownFileType = folder.assetcatalog; path = Colors.xcassets; sourceTree = "<group>"; };
		5BB8EA972614B2AD002952A4 /* CurrencyCounterViewModel.swift */ = {isa = PBXFileReference; lastKnownFileType = sourcecode.swift; path = CurrencyCounterViewModel.swift; sourceTree = "<group>"; };
		5BB8EAA82614C253002952A4 /* PrimaryViewModel.swift */ = {isa = PBXFileReference; lastKnownFileType = sourcecode.swift; path = PrimaryViewModel.swift; sourceTree = "<group>"; };
		5BB8EB0626152419002952A4 /* UserStoredRates.swift */ = {isa = PBXFileReference; lastKnownFileType = sourcecode.swift; path = UserStoredRates.swift; sourceTree = "<group>"; };
		5BB8EB2626153302002952A4 /* CurrencyPickerViewController.swift */ = {isa = PBXFileReference; lastKnownFileType = sourcecode.swift; path = CurrencyPickerViewController.swift; sourceTree = "<group>"; };
		EC449C1855701F063292BCE3 /* libPods-CurrencyExchange.a */ = {isa = PBXFileReference; explicitFileType = archive.ar; includeInIndex = 0; path = "libPods-CurrencyExchange.a"; sourceTree = BUILT_PRODUCTS_DIR; };
/* End PBXFileReference section */

/* Begin PBXFrameworksBuildPhase section */
		5B2660E22613AA4E0010CEA1 /* Frameworks */ = {
			isa = PBXFrameworksBuildPhase;
			buildActionMask = 2147483647;
			files = (
				A0757F5639E74BFB97B8589E /* libPods-CurrencyExchange.a in Frameworks */,
			);
			runOnlyForDeploymentPostprocessing = 0;
		};
		5B2660F82613AA530010CEA1 /* Frameworks */ = {
			isa = PBXFrameworksBuildPhase;
			buildActionMask = 2147483647;
			files = (
			);
			runOnlyForDeploymentPostprocessing = 0;
		};
		5B2661032613AA530010CEA1 /* Frameworks */ = {
			isa = PBXFrameworksBuildPhase;
			buildActionMask = 2147483647;
			files = (
			);
			runOnlyForDeploymentPostprocessing = 0;
		};
/* End PBXFrameworksBuildPhase section */

/* Begin PBXGroup section */
		5B2660DC2613AA4E0010CEA1 = {
			isa = PBXGroup;
			children = (
				5B2660E72613AA4E0010CEA1 /* CurrencyExchange */,
				5B2660FE2613AA530010CEA1 /* CurrencyExchangeTests */,
				5B2661092613AA530010CEA1 /* CurrencyExchangeUITests */,
				5B2660E62613AA4E0010CEA1 /* Products */,
				6CD21203E68F9574848306F9 /* Pods */,
				8ECA6BD0D7C6502517BB97D2 /* Frameworks */,
			);
			sourceTree = "<group>";
		};
		5B2660E62613AA4E0010CEA1 /* Products */ = {
			isa = PBXGroup;
			children = (
				5B2660E52613AA4E0010CEA1 /* CurrencyExchange.app */,
				5B2660FB2613AA530010CEA1 /* CurrencyExchangeTests.xctest */,
				5B2661062613AA530010CEA1 /* CurrencyExchangeUITests.xctest */,
			);
			name = Products;
			sourceTree = "<group>";
		};
		5B2660E72613AA4E0010CEA1 /* CurrencyExchange */ = {
			isa = PBXGroup;
			children = (
				5BB8EAA72614C242002952A4 /* BaseFiles */,
				5BB8EA8E2614AEB2002952A4 /* Assets */,
				5BB8EA8D2614AE00002952A4 /* CurrencyCounter */,
				5B2661212613B0C70010CEA1 /* DataModel */,
				5B2660E82613AA4E0010CEA1 /* AppDelegate.swift */,
				5B2660F32613AA520010CEA1 /* LaunchScreen.storyboard */,
				5B2660F62613AA520010CEA1 /* Info.plist */,
			);
			path = CurrencyExchange;
			sourceTree = "<group>";
		};
		5B2660FE2613AA530010CEA1 /* CurrencyExchangeTests */ = {
			isa = PBXGroup;
			children = (
				5B2660FF2613AA530010CEA1 /* CurrencyExchangeTests.swift */,
				5B2661012613AA530010CEA1 /* Info.plist */,
			);
			path = CurrencyExchangeTests;
			sourceTree = "<group>";
		};
		5B2661092613AA530010CEA1 /* CurrencyExchangeUITests */ = {
			isa = PBXGroup;
			children = (
				5B26610A2613AA530010CEA1 /* CurrencyExchangeUITests.swift */,
				5B26610C2613AA530010CEA1 /* Info.plist */,
			);
			path = CurrencyExchangeUITests;
			sourceTree = "<group>";
		};
		5B2661212613B0C70010CEA1 /* DataModel */ = {
			isa = PBXGroup;
			children = (
				5B2661222613B0F20010CEA1 /* CurrencyApiManager.swift */,
				5BB8EA752613C024002952A4 /* ExchangeRatesData.swift */,
				5BB8EB0626152419002952A4 /* UserStoredRates.swift */,
			);
			path = DataModel;
			sourceTree = "<group>";
		};
		5BB8EA8D2614AE00002952A4 /* CurrencyCounter */ = {
			isa = PBXGroup;
			children = (
				5BB8EA962614B274002952A4 /* ViewControllers */,
				5BB8EA952614B26B002952A4 /* ViewModel */,
			);
			path = CurrencyCounter;
			sourceTree = "<group>";
		};
		5BB8EA8E2614AEB2002952A4 /* Assets */ = {
			isa = PBXGroup;
			children = (
				5B2660F12613AA520010CEA1 /* Assets.xcassets */,
				5BB8EA902614AF53002952A4 /* Colors.xcassets */,
			);
			path = Assets;
			sourceTree = "<group>";
		};
		5BB8EA952614B26B002952A4 /* ViewModel */ = {
			isa = PBXGroup;
			children = (
				5BB8EA972614B2AD002952A4 /* CurrencyCounterViewModel.swift */,
			);
			path = ViewModel;
			sourceTree = "<group>";
		};
		5BB8EA962614B274002952A4 /* ViewControllers */ = {
			isa = PBXGroup;
			children = (
				5B2660EC2613AA4E0010CEA1 /* CurrencyCounterViewController.swift */,
				5BB8EB2626153302002952A4 /* CurrencyPickerViewController.swift */,
			);
			path = ViewControllers;
			sourceTree = "<group>";
		};
		5BB8EAA72614C242002952A4 /* BaseFiles */ = {
			isa = PBXGroup;
			children = (
				5BB8EAA82614C253002952A4 /* PrimaryViewModel.swift */,
			);
			path = BaseFiles;
			sourceTree = "<group>";
		};
		6CD21203E68F9574848306F9 /* Pods */ = {
			isa = PBXGroup;
			children = (
				3963B993CD64EB06CA537F9E /* Pods-CurrencyExchange.debug.xcconfig */,
				113B377891DBD08FA810D1F9 /* Pods-CurrencyExchange.release.xcconfig */,
			);
			path = Pods;
			sourceTree = "<group>";
		};
		8ECA6BD0D7C6502517BB97D2 /* Frameworks */ = {
			isa = PBXGroup;
			children = (
				EC449C1855701F063292BCE3 /* libPods-CurrencyExchange.a */,
			);
			name = Frameworks;
			sourceTree = "<group>";
		};
/* End PBXGroup section */

/* Begin PBXNativeTarget section */
		5B2660E42613AA4E0010CEA1 /* CurrencyExchange */ = {
			isa = PBXNativeTarget;
			buildConfigurationList = 5B26610F2613AA530010CEA1 /* Build configuration list for PBXNativeTarget "CurrencyExchange" */;
			buildPhases = (
				DCBBEAEA1D33BAA187FADC4C /* [CP] Check Pods Manifest.lock */,
				5B2660E12613AA4E0010CEA1 /* Sources */,
				5B2660E22613AA4E0010CEA1 /* Frameworks */,
				5B2660E32613AA4E0010CEA1 /* Resources */,
			);
			buildRules = (
			);
			dependencies = (
			);
			name = CurrencyExchange;
			productName = CurrencyExchange;
			productReference = 5B2660E52613AA4E0010CEA1 /* CurrencyExchange.app */;
			productType = "com.apple.product-type.application";
		};
		5B2660FA2613AA530010CEA1 /* CurrencyExchangeTests */ = {
			isa = PBXNativeTarget;
			buildConfigurationList = 5B2661122613AA530010CEA1 /* Build configuration list for PBXNativeTarget "CurrencyExchangeTests" */;
			buildPhases = (
				5B2660F72613AA530010CEA1 /* Sources */,
				5B2660F82613AA530010CEA1 /* Frameworks */,
				5B2660F92613AA530010CEA1 /* Resources */,
			);
			buildRules = (
			);
			dependencies = (
				5B2660FD2613AA530010CEA1 /* PBXTargetDependency */,
			);
			name = CurrencyExchangeTests;
			productName = CurrencyExchangeTests;
			productReference = 5B2660FB2613AA530010CEA1 /* CurrencyExchangeTests.xctest */;
			productType = "com.apple.product-type.bundle.unit-test";
		};
		5B2661052613AA530010CEA1 /* CurrencyExchangeUITests */ = {
			isa = PBXNativeTarget;
			buildConfigurationList = 5B2661152613AA530010CEA1 /* Build configuration list for PBXNativeTarget "CurrencyExchangeUITests" */;
			buildPhases = (
				5B2661022613AA530010CEA1 /* Sources */,
				5B2661032613AA530010CEA1 /* Frameworks */,
				5B2661042613AA530010CEA1 /* Resources */,
			);
			buildRules = (
			);
			dependencies = (
				5B2661082613AA530010CEA1 /* PBXTargetDependency */,
			);
			name = CurrencyExchangeUITests;
			productName = CurrencyExchangeUITests;
			productReference = 5B2661062613AA530010CEA1 /* CurrencyExchangeUITests.xctest */;
			productType = "com.apple.product-type.bundle.ui-testing";
		};
/* End PBXNativeTarget section */

/* Begin PBXProject section */
		5B2660DD2613AA4E0010CEA1 /* Project object */ = {
			isa = PBXProject;
			attributes = {
				LastSwiftUpdateCheck = 1240;
				LastUpgradeCheck = 1240;
				TargetAttributes = {
					5B2660E42613AA4E0010CEA1 = {
						CreatedOnToolsVersion = 12.4;
					};
					5B2660FA2613AA530010CEA1 = {
						CreatedOnToolsVersion = 12.4;
						TestTargetID = 5B2660E42613AA4E0010CEA1;
					};
					5B2661052613AA530010CEA1 = {
						CreatedOnToolsVersion = 12.4;
						TestTargetID = 5B2660E42613AA4E0010CEA1;
					};
				};
			};
			buildConfigurationList = 5B2660E02613AA4E0010CEA1 /* Build configuration list for PBXProject "CurrencyExchange" */;
			compatibilityVersion = "Xcode 9.3";
			developmentRegion = en;
			hasScannedForEncodings = 0;
			knownRegions = (
				en,
				Base,
			);
			mainGroup = 5B2660DC2613AA4E0010CEA1;
			productRefGroup = 5B2660E62613AA4E0010CEA1 /* Products */;
			projectDirPath = "";
			projectRoot = "";
			targets = (
				5B2660E42613AA4E0010CEA1 /* CurrencyExchange */,
				5B2660FA2613AA530010CEA1 /* CurrencyExchangeTests */,
				5B2661052613AA530010CEA1 /* CurrencyExchangeUITests */,
			);
		};
/* End PBXProject section */

/* Begin PBXResourcesBuildPhase section */
		5B2660E32613AA4E0010CEA1 /* Resources */ = {
			isa = PBXResourcesBuildPhase;
			buildActionMask = 2147483647;
			files = (
				5BB8EA912614AF53002952A4 /* Colors.xcassets in Resources */,
				5B2660F52613AA520010CEA1 /* LaunchScreen.storyboard in Resources */,
				5B2660F22613AA520010CEA1 /* Assets.xcassets in Resources */,
			);
			runOnlyForDeploymentPostprocessing = 0;
		};
		5B2660F92613AA530010CEA1 /* Resources */ = {
			isa = PBXResourcesBuildPhase;
			buildActionMask = 2147483647;
			files = (
			);
			runOnlyForDeploymentPostprocessing = 0;
		};
		5B2661042613AA530010CEA1 /* Resources */ = {
			isa = PBXResourcesBuildPhase;
			buildActionMask = 2147483647;
			files = (
			);
			runOnlyForDeploymentPostprocessing = 0;
		};
/* End PBXResourcesBuildPhase section */

/* Begin PBXShellScriptBuildPhase section */
		DCBBEAEA1D33BAA187FADC4C /* [CP] Check Pods Manifest.lock */ = {
			isa = PBXShellScriptBuildPhase;
			buildActionMask = 2147483647;
			files = (
			);
			inputFileListPaths = (
			);
			inputPaths = (
				"${PODS_PODFILE_DIR_PATH}/Podfile.lock",
				"${PODS_ROOT}/Manifest.lock",
			);
			name = "[CP] Check Pods Manifest.lock";
			outputFileListPaths = (
			);
			outputPaths = (
				"$(DERIVED_FILE_DIR)/Pods-CurrencyExchange-checkManifestLockResult.txt",
			);
			runOnlyForDeploymentPostprocessing = 0;
			shellPath = /bin/sh;
			shellScript = "diff \"${PODS_PODFILE_DIR_PATH}/Podfile.lock\" \"${PODS_ROOT}/Manifest.lock\" > /dev/null\nif [ $? != 0 ] ; then\n    # print error to STDERR\n    echo \"error: The sandbox is not in sync with the Podfile.lock. Run 'pod install' or update your CocoaPods installation.\" >&2\n    exit 1\nfi\n# This output is used by Xcode 'outputs' to avoid re-running this script phase.\necho \"SUCCESS\" > \"${SCRIPT_OUTPUT_FILE_0}\"\n";
			showEnvVarsInLog = 0;
		};
/* End PBXShellScriptBuildPhase section */

/* Begin PBXSourcesBuildPhase section */
		5B2660E12613AA4E0010CEA1 /* Sources */ = {
			isa = PBXSourcesBuildPhase;
			buildActionMask = 2147483647;
			files = (
				5B2660ED2613AA4E0010CEA1 /* CurrencyCounterViewController.swift in Sources */,
				5BB8EB2726153302002952A4 /* CurrencyPickerViewController.swift in Sources */,
				5BB8EAA92614C253002952A4 /* PrimaryViewModel.swift in Sources */,
				5B2661232613B0F30010CEA1 /* CurrencyApiManager.swift in Sources */,
				5BB8EB0726152419002952A4 /* UserStoredRates.swift in Sources */,
				5BB8EA982614B2AD002952A4 /* CurrencyCounterViewModel.swift in Sources */,
				5BB8EA762613C024002952A4 /* ExchangeRatesData.swift in Sources */,
				5B2660E92613AA4E0010CEA1 /* AppDelegate.swift in Sources */,
			);
			runOnlyForDeploymentPostprocessing = 0;
		};
		5B2660F72613AA530010CEA1 /* Sources */ = {
			isa = PBXSourcesBuildPhase;
			buildActionMask = 2147483647;
			files = (
				5B2661002613AA530010CEA1 /* CurrencyExchangeTests.swift in Sources */,
			);
			runOnlyForDeploymentPostprocessing = 0;
		};
		5B2661022613AA530010CEA1 /* Sources */ = {
			isa = PBXSourcesBuildPhase;
			buildActionMask = 2147483647;
			files = (
				5B26610B2613AA530010CEA1 /* CurrencyExchangeUITests.swift in Sources */,
			);
			runOnlyForDeploymentPostprocessing = 0;
		};
/* End PBXSourcesBuildPhase section */

/* Begin PBXTargetDependency section */
		5B2660FD2613AA530010CEA1 /* PBXTargetDependency */ = {
			isa = PBXTargetDependency;
			target = 5B2660E42613AA4E0010CEA1 /* CurrencyExchange */;
			targetProxy = 5B2660FC2613AA530010CEA1 /* PBXContainerItemProxy */;
		};
		5B2661082613AA530010CEA1 /* PBXTargetDependency */ = {
			isa = PBXTargetDependency;
			target = 5B2660E42613AA4E0010CEA1 /* CurrencyExchange */;
			targetProxy = 5B2661072613AA530010CEA1 /* PBXContainerItemProxy */;
		};
/* End PBXTargetDependency section */

/* Begin PBXVariantGroup section */
		5B2660F32613AA520010CEA1 /* LaunchScreen.storyboard */ = {
			isa = PBXVariantGroup;
			children = (
				5B2660F42613AA520010CEA1 /* Base */,
			);
			name = LaunchScreen.storyboard;
			sourceTree = "<group>";
		};
/* End PBXVariantGroup section */

/* Begin XCBuildConfiguration section */
		5B26610D2613AA530010CEA1 /* Debug */ = {
			isa = XCBuildConfiguration;
			buildSettings = {
				ALWAYS_SEARCH_USER_PATHS = NO;
				CLANG_ANALYZER_NONNULL = YES;
				CLANG_ANALYZER_NUMBER_OBJECT_CONVERSION = YES_AGGRESSIVE;
				CLANG_CXX_LANGUAGE_STANDARD = "gnu++14";
				CLANG_CXX_LIBRARY = "libc++";
				CLANG_ENABLE_MODULES = YES;
				CLANG_ENABLE_OBJC_ARC = YES;
				CLANG_ENABLE_OBJC_WEAK = YES;
				CLANG_WARN_BLOCK_CAPTURE_AUTORELEASING = YES;
				CLANG_WARN_BOOL_CONVERSION = YES;
				CLANG_WARN_COMMA = YES;
				CLANG_WARN_CONSTANT_CONVERSION = YES;
				CLANG_WARN_DEPRECATED_OBJC_IMPLEMENTATIONS = YES;
				CLANG_WARN_DIRECT_OBJC_ISA_USAGE = YES_ERROR;
				CLANG_WARN_DOCUMENTATION_COMMENTS = YES;
				CLANG_WARN_EMPTY_BODY = YES;
				CLANG_WARN_ENUM_CONVERSION = YES;
				CLANG_WARN_INFINITE_RECURSION = YES;
				CLANG_WARN_INT_CONVERSION = YES;
				CLANG_WARN_NON_LITERAL_NULL_CONVERSION = YES;
				CLANG_WARN_OBJC_IMPLICIT_RETAIN_SELF = YES;
				CLANG_WARN_OBJC_LITERAL_CONVERSION = YES;
				CLANG_WARN_OBJC_ROOT_CLASS = YES_ERROR;
				CLANG_WARN_QUOTED_INCLUDE_IN_FRAMEWORK_HEADER = YES;
				CLANG_WARN_RANGE_LOOP_ANALYSIS = YES;
				CLANG_WARN_STRICT_PROTOTYPES = YES;
				CLANG_WARN_SUSPICIOUS_MOVE = YES;
				CLANG_WARN_UNGUARDED_AVAILABILITY = YES_AGGRESSIVE;
				CLANG_WARN_UNREACHABLE_CODE = YES;
				CLANG_WARN__DUPLICATE_METHOD_MATCH = YES;
				COPY_PHASE_STRIP = NO;
				DEBUG_INFORMATION_FORMAT = dwarf;
				ENABLE_STRICT_OBJC_MSGSEND = YES;
				ENABLE_TESTABILITY = YES;
				GCC_C_LANGUAGE_STANDARD = gnu11;
				GCC_DYNAMIC_NO_PIC = NO;
				GCC_NO_COMMON_BLOCKS = YES;
				GCC_OPTIMIZATION_LEVEL = 0;
				GCC_PREPROCESSOR_DEFINITIONS = (
					"DEBUG=1",
					"$(inherited)",
				);
				GCC_WARN_64_TO_32_BIT_CONVERSION = YES;
				GCC_WARN_ABOUT_RETURN_TYPE = YES_ERROR;
				GCC_WARN_UNDECLARED_SELECTOR = YES;
				GCC_WARN_UNINITIALIZED_AUTOS = YES_AGGRESSIVE;
				GCC_WARN_UNUSED_FUNCTION = YES;
				GCC_WARN_UNUSED_VARIABLE = YES;
				IPHONEOS_DEPLOYMENT_TARGET = 11.0;
				MTL_ENABLE_DEBUG_INFO = INCLUDE_SOURCE;
				MTL_FAST_MATH = YES;
				ONLY_ACTIVE_ARCH = YES;
				SDKROOT = iphoneos;
				SWIFT_ACTIVE_COMPILATION_CONDITIONS = DEBUG;
				SWIFT_OPTIMIZATION_LEVEL = "-Onone";
			};
			name = Debug;
		};
		5B26610E2613AA530010CEA1 /* Release */ = {
			isa = XCBuildConfiguration;
			buildSettings = {
				ALWAYS_SEARCH_USER_PATHS = NO;
				CLANG_ANALYZER_NONNULL = YES;
				CLANG_ANALYZER_NUMBER_OBJECT_CONVERSION = YES_AGGRESSIVE;
				CLANG_CXX_LANGUAGE_STANDARD = "gnu++14";
				CLANG_CXX_LIBRARY = "libc++";
				CLANG_ENABLE_MODULES = YES;
				CLANG_ENABLE_OBJC_ARC = YES;
				CLANG_ENABLE_OBJC_WEAK = YES;
				CLANG_WARN_BLOCK_CAPTURE_AUTORELEASING = YES;
				CLANG_WARN_BOOL_CONVERSION = YES;
				CLANG_WARN_COMMA = YES;
				CLANG_WARN_CONSTANT_CONVERSION = YES;
				CLANG_WARN_DEPRECATED_OBJC_IMPLEMENTATIONS = YES;
				CLANG_WARN_DIRECT_OBJC_ISA_USAGE = YES_ERROR;
				CLANG_WARN_DOCUMENTATION_COMMENTS = YES;
				CLANG_WARN_EMPTY_BODY = YES;
				CLANG_WARN_ENUM_CONVERSION = YES;
				CLANG_WARN_INFINITE_RECURSION = YES;
				CLANG_WARN_INT_CONVERSION = YES;
				CLANG_WARN_NON_LITERAL_NULL_CONVERSION = YES;
				CLANG_WARN_OBJC_IMPLICIT_RETAIN_SELF = YES;
				CLANG_WARN_OBJC_LITERAL_CONVERSION = YES;
				CLANG_WARN_OBJC_ROOT_CLASS = YES_ERROR;
				CLANG_WARN_QUOTED_INCLUDE_IN_FRAMEWORK_HEADER = YES;
				CLANG_WARN_RANGE_LOOP_ANALYSIS = YES;
				CLANG_WARN_STRICT_PROTOTYPES = YES;
				CLANG_WARN_SUSPICIOUS_MOVE = YES;
				CLANG_WARN_UNGUARDED_AVAILABILITY = YES_AGGRESSIVE;
				CLANG_WARN_UNREACHABLE_CODE = YES;
				CLANG_WARN__DUPLICATE_METHOD_MATCH = YES;
				COPY_PHASE_STRIP = NO;
				DEBUG_INFORMATION_FORMAT = "dwarf-with-dsym";
				ENABLE_NS_ASSERTIONS = NO;
				ENABLE_STRICT_OBJC_MSGSEND = YES;
				GCC_C_LANGUAGE_STANDARD = gnu11;
				GCC_NO_COMMON_BLOCKS = YES;
				GCC_WARN_64_TO_32_BIT_CONVERSION = YES;
				GCC_WARN_ABOUT_RETURN_TYPE = YES_ERROR;
				GCC_WARN_UNDECLARED_SELECTOR = YES;
				GCC_WARN_UNINITIALIZED_AUTOS = YES_AGGRESSIVE;
				GCC_WARN_UNUSED_FUNCTION = YES;
				GCC_WARN_UNUSED_VARIABLE = YES;
				IPHONEOS_DEPLOYMENT_TARGET = 11.0;
				MTL_ENABLE_DEBUG_INFO = NO;
				MTL_FAST_MATH = YES;
				SDKROOT = iphoneos;
				SWIFT_COMPILATION_MODE = wholemodule;
				SWIFT_OPTIMIZATION_LEVEL = "-O";
				VALIDATE_PRODUCT = YES;
			};
			name = Release;
		};
		5B2661102613AA530010CEA1 /* Debug */ = {
			isa = XCBuildConfiguration;
			baseConfigurationReference = 3963B993CD64EB06CA537F9E /* Pods-CurrencyExchange.debug.xcconfig */;
			buildSettings = {
				ASSETCATALOG_COMPILER_APPICON_NAME = AppIcon;
				ASSETCATALOG_COMPILER_GLOBAL_ACCENT_COLOR_NAME = AccentColor;
				CODE_SIGN_STYLE = Automatic;
				DEVELOPMENT_TEAM = PLT96R29T2;
				INFOPLIST_FILE = CurrencyExchange/Info.plist;
				LD_RUNPATH_SEARCH_PATHS = (
					"$(inherited)",
					"@executable_path/Frameworks",
				);
				PRODUCT_BUNDLE_IDENTIFIER = com.alicjasm.CurrencyExchange;
				PRODUCT_NAME = "$(TARGET_NAME)";
				SWIFT_VERSION = 5.0;
				TARGETED_DEVICE_FAMILY = "1,2";
			};
			name = Debug;
		};
		5B2661112613AA530010CEA1 /* Release */ = {
			isa = XCBuildConfiguration;
			baseConfigurationReference = 113B377891DBD08FA810D1F9 /* Pods-CurrencyExchange.release.xcconfig */;
			buildSettings = {
				ASSETCATALOG_COMPILER_APPICON_NAME = AppIcon;
				ASSETCATALOG_COMPILER_GLOBAL_ACCENT_COLOR_NAME = AccentColor;
				CODE_SIGN_STYLE = Automatic;
				DEVELOPMENT_TEAM = PLT96R29T2;
				INFOPLIST_FILE = CurrencyExchange/Info.plist;
				LD_RUNPATH_SEARCH_PATHS = (
					"$(inherited)",
					"@executable_path/Frameworks",
				);
				PRODUCT_BUNDLE_IDENTIFIER = com.alicjasm.CurrencyExchange;
				PRODUCT_NAME = "$(TARGET_NAME)";
				SWIFT_VERSION = 5.0;
				TARGETED_DEVICE_FAMILY = "1,2";
			};
			name = Release;
		};
		5B2661132613AA530010CEA1 /* Debug */ = {
			isa = XCBuildConfiguration;
			buildSettings = {
				ALWAYS_EMBED_SWIFT_STANDARD_LIBRARIES = YES;
				BUNDLE_LOADER = "$(TEST_HOST)";
				CODE_SIGN_STYLE = Automatic;
				DEVELOPMENT_TEAM = PLT96R29T2;
				INFOPLIST_FILE = CurrencyExchangeTests/Info.plist;
				IPHONEOS_DEPLOYMENT_TARGET = 14.4;
				LD_RUNPATH_SEARCH_PATHS = (
					"$(inherited)",
					"@executable_path/Frameworks",
					"@loader_path/Frameworks",
				);
				PRODUCT_BUNDLE_IDENTIFIER = com.alicjasm.CurrencyExchangeTests;
				PRODUCT_NAME = "$(TARGET_NAME)";
				SWIFT_VERSION = 5.0;
				TARGETED_DEVICE_FAMILY = "1,2";
				TEST_HOST = "$(BUILT_PRODUCTS_DIR)/CurrencyExchange.app/CurrencyExchange";
			};
			name = Debug;
		};
		5B2661142613AA530010CEA1 /* Release */ = {
			isa = XCBuildConfiguration;
			buildSettings = {
				ALWAYS_EMBED_SWIFT_STANDARD_LIBRARIES = YES;
				BUNDLE_LOADER = "$(TEST_HOST)";
				CODE_SIGN_STYLE = Automatic;
				DEVELOPMENT_TEAM = PLT96R29T2;
				INFOPLIST_FILE = CurrencyExchangeTests/Info.plist;
				IPHONEOS_DEPLOYMENT_TARGET = 14.4;
				LD_RUNPATH_SEARCH_PATHS = (
					"$(inherited)",
					"@executable_path/Frameworks",
					"@loader_path/Frameworks",
				);
				PRODUCT_BUNDLE_IDENTIFIER = com.alicjasm.CurrencyExchangeTests;
				PRODUCT_NAME = "$(TARGET_NAME)";
				SWIFT_VERSION = 5.0;
				TARGETED_DEVICE_FAMILY = "1,2";
				TEST_HOST = "$(BUILT_PRODUCTS_DIR)/CurrencyExchange.app/CurrencyExchange";
			};
			name = Release;
		};
		5B2661162613AA530010CEA1 /* Debug */ = {
			isa = XCBuildConfiguration;
			buildSettings = {
				ALWAYS_EMBED_SWIFT_STANDARD_LIBRARIES = YES;
				CODE_SIGN_STYLE = Automatic;
				DEVELOPMENT_TEAM = PLT96R29T2;
				INFOPLIST_FILE = CurrencyExchangeUITests/Info.plist;
				LD_RUNPATH_SEARCH_PATHS = (
					"$(inherited)",
					"@executable_path/Frameworks",
					"@loader_path/Frameworks",
				);
				PRODUCT_BUNDLE_IDENTIFIER = com.alicjasm.CurrencyExchangeUITests;
				PRODUCT_NAME = "$(TARGET_NAME)";
				SWIFT_VERSION = 5.0;
				TARGETED_DEVICE_FAMILY = "1,2";
				TEST_TARGET_NAME = CurrencyExchange;
			};
			name = Debug;
		};
		5B2661172613AA530010CEA1 /* Release */ = {
			isa = XCBuildConfiguration;
			buildSettings = {
				ALWAYS_EMBED_SWIFT_STANDARD_LIBRARIES = YES;
				CODE_SIGN_STYLE = Automatic;
				DEVELOPMENT_TEAM = PLT96R29T2;
				INFOPLIST_FILE = CurrencyExchangeUITests/Info.plist;
				LD_RUNPATH_SEARCH_PATHS = (
					"$(inherited)",
					"@executable_path/Frameworks",
					"@loader_path/Frameworks",
				);
				PRODUCT_BUNDLE_IDENTIFIER = com.alicjasm.CurrencyExchangeUITests;
				PRODUCT_NAME = "$(TARGET_NAME)";
				SWIFT_VERSION = 5.0;
				TARGETED_DEVICE_FAMILY = "1,2";
				TEST_TARGET_NAME = CurrencyExchange;
			};
			name = Release;
		};
/* End XCBuildConfiguration section */

/* Begin XCConfigurationList section */
		5B2660E02613AA4E0010CEA1 /* Build configuration list for PBXProject "CurrencyExchange" */ = {
			isa = XCConfigurationList;
			buildConfigurations = (
				5B26610D2613AA530010CEA1 /* Debug */,
				5B26610E2613AA530010CEA1 /* Release */,
			);
			defaultConfigurationIsVisible = 0;
			defaultConfigurationName = Release;
		};
		5B26610F2613AA530010CEA1 /* Build configuration list for PBXNativeTarget "CurrencyExchange" */ = {
			isa = XCConfigurationList;
			buildConfigurations = (
				5B2661102613AA530010CEA1 /* Debug */,
				5B2661112613AA530010CEA1 /* Release */,
			);
			defaultConfigurationIsVisible = 0;
			defaultConfigurationName = Release;
		};
		5B2661122613AA530010CEA1 /* Build configuration list for PBXNativeTarget "CurrencyExchangeTests" */ = {
			isa = XCConfigurationList;
			buildConfigurations = (
				5B2661132613AA530010CEA1 /* Debug */,
				5B2661142613AA530010CEA1 /* Release */,
			);
			defaultConfigurationIsVisible = 0;
			defaultConfigurationName = Release;
		};
		5B2661152613AA530010CEA1 /* Build configuration list for PBXNativeTarget "CurrencyExchangeUITests" */ = {
			isa = XCConfigurationList;
			buildConfigurations = (
				5B2661162613AA530010CEA1 /* Debug */,
				5B2661172613AA530010CEA1 /* Release */,
			);
			defaultConfigurationIsVisible = 0;
			defaultConfigurationName = Release;
		};
/* End XCConfigurationList section */
	};
	rootObject = 5B2660DD2613AA4E0010CEA1 /* Project object */;
}
